{
  "name": "@directus/calendar",
  "version": "1.0.0",
  "lockfileVersion": 1,
  "requires": true,
  "dependencies": {
    "dateformat": {
      "version": "3.0.3",
      "resolved": "https://registry.npmjs.org/dateformat/-/dateformat-3.0.3.tgz",
      "integrity": "sha512-jyCETtSl3VMZMWeRo7iY1FL19ges1t55hMo5yaam4Jrsm5EPL89UQkoQRyiI+Yf4k8r2ZpdngkV8hr1lIdjb3Q=="
    },
    "flatpickr": {
      "version": "4.5.1",
      "resolved": "https://registry.npmjs.org/flatpickr/-/flatpickr-4.5.1.tgz",
      "integrity": "sha512-dsLTFmRg6mlqYfJ35A7gLlbq+8fOqRty3cWncl6rwU4pMe//i0WKxKLVyBbSYAZry93Lg+yqsOph9haltcxCqQ=="
    },
    "vue-flatpickr-component": {
      "version": "7.0.4",
      "resolved": "https://registry.npmjs.org/vue-flatpickr-component/-/vue-flatpickr-component-7.0.4.tgz",
      "integrity": "sha512-7lxp1xDMbz1tIuCvHKRPsnCj0gpl/H5Ia+6NVP1ivHEOZb3Qie0FONg5JC3KqgYLPmhc95PwiYxql3rwGjD26Q==",
      "requires": {
        "flatpickr": "^4.4.6"
      }
    }
  }
}
