{
  "name": "@directus/file-upload",
  "version": "1.0.0",
  "lockfileVersion": 1,
  "requires": true,
  "dependencies": {
    "filepond": {
      "version": "1.4.0",
      "resolved": "https://registry.npmjs.org/filepond/-/filepond-1.4.0.tgz",
      "integrity": "sha512-M+pRzVangAyHNHh9tFVzRdl8xrICTH/F2gXUq+BOgelnuoCSQ8LeJQLi36t7c3oOSozu3JCR1/Q0oR7t30BoKw=="
    },
    "filepond-plugin-file-encode": {
      "version": "1.0.4",
      "resolved": "https://registry.npmjs.org/filepond-plugin-file-encode/-/filepond-plugin-file-encode-1.0.4.tgz",
      "integrity": "sha512-kif22vSs3YzLuUyzEwTEr28SsPLFjXaMVh1Z6RzTK6d1s33JnmBUIDL9k6OrBtZn/6XlYRyclTkPQEM212S0HA=="
    },
    "filepond-plugin-image-preview": {
      "version": "1.0.9",
      "resolved": "https://registry.npmjs.org/filepond-plugin-image-preview/-/filepond-plugin-image-preview-1.0.9.tgz",
      "integrity": "sha512-bIaT6Y5hbyCSITaSO96XdsTBUEo70ZIgzelpZbeqkJsi5BDXpxOhFtSzTMiY4c+w2wCiz/ZV0L2mmyH05uiktA=="
    }
  }
}
